
Microsoft Visual Studio Solution File, Format Version 12.00
# Visual Studio 14
VisualStudioVersion = 14.0.25420.1
MinimumVisualStudioVersion = 10.0.40219.1
Project("{2150E333-8FDC-42A3-9474-1A3956D46DE8}") = "src", "src", "{ACAA2AE8-75B9-49C0-B1DE-AD4737BA5A28}"
EndProject
Project("{2150E333-8FDC-42A3-9474-1A3956D46DE8}") = "Solution Items", "Solution Items", "{204B95D8-3FE5-4A4C-BF20-A7831EF9A600}"
	ProjectSection(SolutionItems) = preProject
		global.json = global.json
	EndProjectSection
EndProject
Project("{8BB2217D-0F2D-49D1-97BC-3654ED321F3B}") = "TestLocalization", "src\TestLocalization\TestLocalization.xproj", "{AD948AE8-54E5-4B34-8E3C-3B7CD2F2DB96}"
EndProject
Global
	GlobalSection(SolutionConfigurationPlatforms) = preSolution
		Debug|Any CPU = Debug|Any CPU
		Release|Any CPU = Release|Any CPU
	EndGlobalSection
	GlobalSection(ProjectConfigurationPlatforms) = postSolution
		{AD948AE8-54E5-4B34-8E3C-3B7CD2F2DB96}.Debug|Any CPU.ActiveCfg = Debug|Any CPU
		{AD948AE8-54E5-4B34-8E3C-3B7CD2F2DB96}.Debug|Any CPU.Build.0 = Debug|Any CPU
		{AD948AE8-54E5-4B34-8E3C-3B7CD2F2DB96}.Release|Any CPU.ActiveCfg = Release|Any CPU
		{AD948AE8-54E5-4B34-8E3C-3B7CD2F2DB96}.Release|Any CPU.Build.0 = Release|Any CPU
	EndGlobalSection
	GlobalSection(SolutionProperties) = preSolution
		HideSolutionNode = FALSE
	EndGlobalSection
	GlobalSection(NestedProjects) = preSolution
		{AD948AE8-54E5-4B34-8E3C-3B7CD2F2DB96} = {ACAA2AE8-75B9-49C0-B1DE-AD4737BA5A28}
	EndGlobalSection
EndGlobal
